
Microsoft Visual Studio Solution File, Format Version 12.00
# Visual Studio 15
VisualStudioVersion = 15.0.27428.2037
MinimumVisualStudioVersion = 10.0.40219.1
Project("{FAE04EC0-301F-11D3-BF4B-00C04F79EFBC}") = "DockerDemoHelloWorld", "DockerDemoHelloWorld\DockerDemoHelloWorld.csproj", "{86542EA6-2974-4523-8CDA-BC44BD854EC7}"
EndProject
Project("{E53339B2-1760-4266-BCC7-CA923CBCF16C}") = "docker-compose", "docker-compose.dcproj", "{87EB2D33-909C-4304-B369-8E88DBB30A97}"
EndProject
Global
	GlobalSection(SolutionConfigurationPlatforms) = preSolution
		Debug|Any CPU = Debug|Any CPU
		Release|Any CPU = Release|Any CPU
	EndGlobalSection
	GlobalSection(ProjectConfigurationPlatforms) = postSolution
		{86542EA6-2974-4523-8CDA-BC44BD854EC7}.Debug|Any CPU.ActiveCfg = Debug|Any CPU
		{86542EA6-2974-4523-8CDA-BC44BD854EC7}.Debug|Any CPU.Build.0 = Debug|Any CPU
		{86542EA6-2974-4523-8CDA-BC44BD854EC7}.Release|Any CPU.ActiveCfg = Release|Any CPU
		{86542EA6-2974-4523-8CDA-BC44BD854EC7}.Release|Any CPU.Build.0 = Release|Any CPU
		{87EB2D33-909C-4304-B369-8E88DBB30A97}.Debug|Any CPU.ActiveCfg = Debug|Any CPU
		{87EB2D33-909C-4304-B369-8E88DBB30A97}.Debug|Any CPU.Build.0 = Debug|Any CPU
		{87EB2D33-909C-4304-B369-8E88DBB30A97}.Release|Any CPU.ActiveCfg = Release|Any CPU
		{87EB2D33-909C-4304-B369-8E88DBB30A97}.Release|Any CPU.Build.0 = Release|Any CPU
	EndGlobalSection
	GlobalSection(SolutionProperties) = preSolution
		HideSolutionNode = FALSE
	EndGlobalSection
	GlobalSection(ExtensibilityGlobals) = postSolution
		SolutionGuid = {A7677E84-12DB-4C6C-8BA3-10E961AC7C85}
	EndGlobalSection
EndGlobal
